// !$*UTF8*$!
{
	archiveVersion = 1;
	classes = {
	};
	objectVersion = 46;
	objects = {

/* Begin PBXBuildFile section */
		604BC3F4136B6AAA0003CA08 /* PersonController.m in Sources */ = {isa = PBXBuildFile; fileRef = 604BC3F2136B6AAA0003CA08 /* PersonController.m */; };
		604BC3F5136B6AAA0003CA08 /* PersonController.xib in Resources */ = {isa = PBXBuildFile; fileRef = 604BC3F3136B6AAA0003CA08 /* PersonController.xib */; };
		604BC3FB136B753B0003CA08 /* Soaringbook.xcdatamodeld in Sources */ = {isa = PBXBuildFile; fileRef = 604BC3F9136B753B0003CA08 /* Soaringbook.xcdatamodeld */; };
		604BC401136B76950003CA08 /* _Person.m in Sources */ = {isa = PBXBuildFile; fileRef = 604BC3FE136B76950003CA08 /* _Person.m */; };
		604BC402136B76950003CA08 /* Person.m in Sources */ = {isa = PBXBuildFile; fileRef = 604BC400136B76950003CA08 /* Person.m */; };
		604BC404136B76C10003CA08 /* CoreData.framework in Frameworks */ = {isa = PBXBuildFile; fileRef = 604BC403136B76C10003CA08 /* CoreData.framework */; };
		604BC408136B77250003CA08 /* DataController.m in Sources */ = {isa = PBXBuildFile; fileRef = 604BC407136B77250003CA08 /* DataController.m */; };
		604BC45B136B81210003CA08 /* JAVBinarySearchAdditions.m in Sources */ = {isa = PBXBuildFile; fileRef = 604BC45A136B81210003CA08 /* JAVBinarySearchAdditions.m */; };
		60DD9DFE136B5AA9004F2564 /* UIKit.framework in Frameworks */ = {isa = PBXBuildFile; fileRef = 60DD9DFD136B5AA9004F2564 /* UIKit.framework */; };
		60DD9E00136B5AA9004F2564 /* Foundation.framework in Frameworks */ = {isa = PBXBuildFile; fileRef = 60DD9DFF136B5AA9004F2564 /* Foundation.framework */; };
		60DD9E02136B5AA9004F2564 /* CoreGraphics.framework in Frameworks */ = {isa = PBXBuildFile; fileRef = 60DD9E01136B5AA9004F2564 /* CoreGraphics.framework */; };
		60DD9E08136B5AA9004F2564 /* InfoPlist.strings in Resources */ = {isa = PBXBuildFile; fileRef = 60DD9E06136B5AA9004F2564 /* InfoPlist.strings */; };
		60DD9E0B136B5AA9004F2564 /* main.m in Sources */ = {isa = PBXBuildFile; fileRef = 60DD9E0A136B5AA9004F2564 /* main.m */; };
		60DD9E11136B5AA9004F2564 /* MainWindow.xib in Resources */ = {isa = PBXBuildFile; fileRef = 60DD9E0F136B5AA9004F2564 /* MainWindow.xib */; };
		60DD9E24136B5AA9004F2564 /* UIKit.framework in Frameworks */ = {isa = PBXBuildFile; fileRef = 60DD9DFD136B5AA9004F2564 /* UIKit.framework */; };
		60DD9E25136B5AA9004F2564 /* Foundation.framework in Frameworks */ = {isa = PBXBuildFile; fileRef = 60DD9DFF136B5AA9004F2564 /* Foundation.framework */; };
		60DD9E26136B5AA9004F2564 /* CoreGraphics.framework in Frameworks */ = {isa = PBXBuildFile; fileRef = 60DD9E01136B5AA9004F2564 /* CoreGraphics.framework */; };
		60DD9E2E136B5AA9004F2564 /* InfoPlist.strings in Resources */ = {isa = PBXBuildFile; fileRef = 60DD9E2C136B5AA9004F2564 /* InfoPlist.strings */; };
		60DD9E31136B5AA9004F2564 /* SoaringbookTests.h in Resources */ = {isa = PBXBuildFile; fileRef = 60DD9E30136B5AA9004F2564 /* SoaringbookTests.h */; };
		60DD9E33136B5AA9004F2564 /* SoaringbookTests.m in Sources */ = {isa = PBXBuildFile; fileRef = 60DD9E32136B5AA9004F2564 /* SoaringbookTests.m */; };
		60DD9E3F136B5E96004F2564 /* SoaringbookAppDelegate.m in Sources */ = {isa = PBXBuildFile; fileRef = 60DD9E3E136B5E96004F2564 /* SoaringbookAppDelegate.m */; };
		60DD9E44136B5F7A004F2564 /* PeopleController.m in Sources */ = {isa = PBXBuildFile; fileRef = 60DD9E42136B5F7A004F2564 /* PeopleController.m */; };
		60DD9E45136B5F7A004F2564 /* PeopleController.xib in Resources */ = {isa = PBXBuildFile; fileRef = 60DD9E43136B5F7A004F2564 /* PeopleController.xib */; };
/* End PBXBuildFile section */

/* Begin PBXContainerItemProxy section */
		60DD9E27136B5AA9004F2564 /* PBXContainerItemProxy */ = {
			isa = PBXContainerItemProxy;
			containerPortal = 60DD9DF0136B5AA9004F2564 /* Project object */;
			proxyType = 1;
			remoteGlobalIDString = 60DD9DF8136B5AA9004F2564;
			remoteInfo = Soaringbook;
		};
/* End PBXContainerItemProxy section */

/* Begin PBXFileReference section */
		604BC3F1136B6AAA0003CA08 /* PersonController.h */ = {isa = PBXFileReference; fileEncoding = 4; lastKnownFileType = sourcecode.c.h; name = PersonController.h; path = Controllers/PersonController.h; sourceTree = "<group>"; };
		604BC3F2136B6AAA0003CA08 /* PersonController.m */ = {isa = PBXFileReference; fileEncoding = 4; lastKnownFileType = sourcecode.c.objc; name = PersonController.m; path = Controllers/PersonController.m; sourceTree = "<group>"; };
		604BC3F3136B6AAA0003CA08 /* PersonController.xib */ = {isa = PBXFileReference; fileEncoding = 4; lastKnownFileType = file.xib; name = PersonController.xib; path = Controllers/PersonController.xib; sourceTree = "<group>"; };
		604BC3FA136B753B0003CA08 /* Soaringbook.xcdatamodel */ = {isa = PBXFileReference; lastKnownFileType = wrapper.xcdatamodel; path = Soaringbook.xcdatamodel; sourceTree = "<group>"; };
		604BC3FD136B76950003CA08 /* _Person.h */ = {isa = PBXFileReference; fileEncoding = 4; lastKnownFileType = sourcecode.c.h; name = _Person.h; path = Models/_Person.h; sourceTree = "<group>"; };
		604BC3FE136B76950003CA08 /* _Person.m */ = {isa = PBXFileReference; fileEncoding = 4; lastKnownFileType = sourcecode.c.objc; name = _Person.m; path = Models/_Person.m; sourceTree = "<group>"; };
		604BC3FF136B76950003CA08 /* Person.h */ = {isa = PBXFileReference; fileEncoding = 4; lastKnownFileType = sourcecode.c.h; name = Person.h; path = Models/Person.h; sourceTree = "<group>"; };
		604BC400136B76950003CA08 /* Person.m */ = {isa = PBXFileReference; fileEncoding = 4; lastKnownFileType = sourcecode.c.objc; name = Person.m; path = Models/Person.m; sourceTree = "<group>"; };
		604BC403136B76C10003CA08 /* CoreData.framework */ = {isa = PBXFileReference; lastKnownFileType = wrapper.framework; name = CoreData.framework; path = System/Library/Frameworks/CoreData.framework; sourceTree = SDKROOT; };
		604BC406136B77250003CA08 /* DataController.h */ = {isa = PBXFileReference; fileEncoding = 4; lastKnownFileType = sourcecode.c.h; path = DataController.h; sourceTree = "<group>"; };
		604BC407136B77250003CA08 /* DataController.m */ = {isa = PBXFileReference; fileEncoding = 4; lastKnownFileType = sourcecode.c.objc; path = DataController.m; sourceTree = "<group>"; };
		604BC459136B81210003CA08 /* JAVBinarySearchAdditions.h */ = {isa = PBXFileReference; fileEncoding = 4; lastKnownFileType = sourcecode.c.h; path = JAVBinarySearchAdditions.h; sourceTree = "<group>"; };
		604BC45A136B81210003CA08 /* JAVBinarySearchAdditions.m */ = {isa = PBXFileReference; fileEncoding = 4; lastKnownFileType = sourcecode.c.objc; path = JAVBinarySearchAdditions.m; sourceTree = "<group>"; };
		60DD9DF9136B5AA9004F2564 /* Soaringbook.app */ = {isa = PBXFileReference; explicitFileType = wrapper.application; includeInIndex = 0; path = Soaringbook.app; sourceTree = BUILT_PRODUCTS_DIR; };
		60DD9DFD136B5AA9004F2564 /* UIKit.framework */ = {isa = PBXFileReference; lastKnownFileType = wrapper.framework; name = UIKit.framework; path = System/Library/Frameworks/UIKit.framework; sourceTree = SDKROOT; };
		60DD9DFF136B5AA9004F2564 /* Foundation.framework */ = {isa = PBXFileReference; lastKnownFileType = wrapper.framework; name = Foundation.framework; path = System/Library/Frameworks/Foundation.framework; sourceTree = SDKROOT; };
		60DD9E01136B5AA9004F2564 /* CoreGraphics.framework */ = {isa = PBXFileReference; lastKnownFileType = wrapper.framework; name = CoreGraphics.framework; path = System/Library/Frameworks/CoreGraphics.framework; sourceTree = SDKROOT; };
		60DD9E05136B5AA9004F2564 /* Soaringbook-Info.plist */ = {isa = PBXFileReference; lastKnownFileType = text.plist.xml; path = "Soaringbook-Info.plist"; sourceTree = "<group>"; };
		60DD9E07136B5AA9004F2564 /* en */ = {isa = PBXFileReference; lastKnownFileType = text.plist.strings; name = en; path = en.lproj/InfoPlist.strings; sourceTree = "<group>"; };
		60DD9E09136B5AA9004F2564 /* Soaringbook-Prefix.pch */ = {isa = PBXFileReference; lastKnownFileType = sourcecode.c.h; path = "Soaringbook-Prefix.pch"; sourceTree = "<group>"; };
		60DD9E0A136B5AA9004F2564 /* main.m */ = {isa = PBXFileReference; lastKnownFileType = sourcecode.c.objc; path = main.m; sourceTree = "<group>"; };
		60DD9E10136B5AA9004F2564 /* en */ = {isa = PBXFileReference; lastKnownFileType = file.xib; name = en; path = en.lproj/MainWindow.xib; sourceTree = "<group>"; };
		60DD9E23136B5AA9004F2564 /* SoaringbookTests.octest */ = {isa = PBXFileReference; explicitFileType = wrapper.cfbundle; includeInIndex = 0; path = SoaringbookTests.octest; sourceTree = BUILT_PRODUCTS_DIR; };
		60DD9E2B136B5AA9004F2564 /* SoaringbookTests-Info.plist */ = {isa = PBXFileReference; lastKnownFileType = text.plist.xml; path = "SoaringbookTests-Info.plist"; sourceTree = "<group>"; };
		60DD9E2D136B5AA9004F2564 /* en */ = {isa = PBXFileReference; lastKnownFileType = text.plist.strings; name = en; path = en.lproj/InfoPlist.strings; sourceTree = "<group>"; };
		60DD9E2F136B5AA9004F2564 /* SoaringbookTests-Prefix.pch */ = {isa = PBXFileReference; lastKnownFileType = sourcecode.c.h; path = "SoaringbookTests-Prefix.pch"; sourceTree = "<group>"; };
		60DD9E30136B5AA9004F2564 /* SoaringbookTests.h */ = {isa = PBXFileReference; lastKnownFileType = sourcecode.c.h; path = SoaringbookTests.h; sourceTree = "<group>"; };
		60DD9E32136B5AA9004F2564 /* SoaringbookTests.m */ = {isa = PBXFileReference; lastKnownFileType = sourcecode.c.objc; path = SoaringbookTests.m; sourceTree = "<group>"; };
		60DD9E3D136B5E96004F2564 /* SoaringbookAppDelegate.h */ = {isa = PBXFileReference; fileEncoding = 4; lastKnownFileType = sourcecode.c.h; path = SoaringbookAppDelegate.h; sourceTree = "<group>"; };
		60DD9E3E136B5E96004F2564 /* SoaringbookAppDelegate.m */ = {isa = PBXFileReference; fileEncoding = 4; lastKnownFileType = sourcecode.c.objc; path = SoaringbookAppDelegate.m; sourceTree = "<group>"; };
		60DD9E41136B5F7A004F2564 /* PeopleController.h */ = {isa = PBXFileReference; fileEncoding = 4; lastKnownFileType = sourcecode.c.h; name = PeopleController.h; path = Controllers/PeopleController.h; sourceTree = "<group>"; };
		60DD9E42136B5F7A004F2564 /* PeopleController.m */ = {isa = PBXFileReference; fileEncoding = 4; lastKnownFileType = sourcecode.c.objc; name = PeopleController.m; path = Controllers/PeopleController.m; sourceTree = "<group>"; };
		60DD9E43136B5F7A004F2564 /* PeopleController.xib */ = {isa = PBXFileReference; fileEncoding = 4; lastKnownFileType = file.xib; name = PeopleController.xib; path = Controllers/PeopleController.xib; sourceTree = "<group>"; };
/* End PBXFileReference section */

/* Begin PBXFrameworksBuildPhase section */
		60DD9DF6136B5AA9004F2564 /* Frameworks */ = {
			isa = PBXFrameworksBuildPhase;
			buildActionMask = 2147483647;
			files = (
				604BC404136B76C10003CA08 /* CoreData.framework in Frameworks */,
				60DD9DFE136B5AA9004F2564 /* UIKit.framework in Frameworks */,
				60DD9E00136B5AA9004F2564 /* Foundation.framework in Frameworks */,
				60DD9E02136B5AA9004F2564 /* CoreGraphics.framework in Frameworks */,
			);
			runOnlyForDeploymentPostprocessing = 0;
		};
		60DD9E1F136B5AA9004F2564 /* Frameworks */ = {
			isa = PBXFrameworksBuildPhase;
			buildActionMask = 2147483647;
			files = (
				60DD9E24136B5AA9004F2564 /* UIKit.framework in Frameworks */,
				60DD9E25136B5AA9004F2564 /* Foundation.framework in Frameworks */,
				60DD9E26136B5AA9004F2564 /* CoreGraphics.framework in Frameworks */,
			);
			runOnlyForDeploymentPostprocessing = 0;
		};
/* End PBXFrameworksBuildPhase section */

/* Begin PBXGroup section */
		604BC3F8136B75000003CA08 /* Resources */ = {
			isa = PBXGroup;
			children = (
				604BC3F9136B753B0003CA08 /* Soaringbook.xcdatamodeld */,
			);
			name = Resources;
			sourceTree = "<group>";
		};
		604BC3FC136B75510003CA08 /* Models */ = {
			isa = PBXGroup;
			children = (
				604BC3FD136B76950003CA08 /* _Person.h */,
				604BC3FE136B76950003CA08 /* _Person.m */,
				604BC3FF136B76950003CA08 /* Person.h */,
				604BC400136B76950003CA08 /* Person.m */,
			);
			name = Models;
			sourceTree = "<group>";
		};
		604BC405136B77250003CA08 /* Data */ = {
			isa = PBXGroup;
			children = (
				604BC406136B77250003CA08 /* DataController.h */,
				604BC407136B77250003CA08 /* DataController.m */,
			);
			path = Data;
			sourceTree = "<group>";
		};
		604BC457136B81210003CA08 /* Frameworks */ = {
			isa = PBXGroup;
			children = (
				604BC458136B81210003CA08 /* JAVBinarySearchAdditions */,
			);
			path = Frameworks;
			sourceTree = "<group>";
		};
		604BC458136B81210003CA08 /* JAVBinarySearchAdditions */ = {
			isa = PBXGroup;
			children = (
				604BC459136B81210003CA08 /* JAVBinarySearchAdditions.h */,
				604BC45A136B81210003CA08 /* JAVBinarySearchAdditions.m */,
			);
			path = JAVBinarySearchAdditions;
			sourceTree = "<group>";
		};
		60DD9DEE136B5AA9004F2564 = {
			isa = PBXGroup;
			children = (
				60DD9E03136B5AA9004F2564 /* Soaringbook */,
				60DD9E29136B5AA9004F2564 /* SoaringbookTests */,
				60DD9DFC136B5AA9004F2564 /* Frameworks */,
				60DD9DFA136B5AA9004F2564 /* Products */,
			);
			sourceTree = "<group>";
		};
		60DD9DFA136B5AA9004F2564 /* Products */ = {
			isa = PBXGroup;
			children = (
				60DD9DF9136B5AA9004F2564 /* Soaringbook.app */,
				60DD9E23136B5AA9004F2564 /* SoaringbookTests.octest */,
			);
			name = Products;
			sourceTree = "<group>";
		};
		60DD9DFC136B5AA9004F2564 /* Frameworks */ = {
			isa = PBXGroup;
			children = (
				604BC403136B76C10003CA08 /* CoreData.framework */,
				60DD9DFD136B5AA9004F2564 /* UIKit.framework */,
				60DD9DFF136B5AA9004F2564 /* Foundation.framework */,
				60DD9E01136B5AA9004F2564 /* CoreGraphics.framework */,
			);
			name = Frameworks;
			sourceTree = "<group>";
		};
		60DD9E03136B5AA9004F2564 /* Soaringbook */ = {
			isa = PBXGroup;
			children = (
				60DD9E3C136B5E96004F2564 /* Classes */,
				60DD9E0F136B5AA9004F2564 /* MainWindow.xib */,
				604BC3F8136B75000003CA08 /* Resources */,
				60DD9E04136B5AA9004F2564 /* Supporting Files */,
			);
			path = Soaringbook;
			sourceTree = "<group>";
		};
		60DD9E04136B5AA9004F2564 /* Supporting Files */ = {
			isa = PBXGroup;
			children = (
				60DD9E05136B5AA9004F2564 /* Soaringbook-Info.plist */,
				60DD9E06136B5AA9004F2564 /* InfoPlist.strings */,
				60DD9E09136B5AA9004F2564 /* Soaringbook-Prefix.pch */,
				60DD9E0A136B5AA9004F2564 /* main.m */,
			);
			name = "Supporting Files";
			sourceTree = "<group>";
		};
		60DD9E29136B5AA9004F2564 /* SoaringbookTests */ = {
			isa = PBXGroup;
			children = (
				60DD9E30136B5AA9004F2564 /* SoaringbookTests.h */,
				60DD9E32136B5AA9004F2564 /* SoaringbookTests.m */,
				60DD9E2A136B5AA9004F2564 /* Supporting Files */,
			);
			path = SoaringbookTests;
			sourceTree = "<group>";
		};
		60DD9E2A136B5AA9004F2564 /* Supporting Files */ = {
			isa = PBXGroup;
			children = (
				60DD9E2B136B5AA9004F2564 /* SoaringbookTests-Info.plist */,
				60DD9E2C136B5AA9004F2564 /* InfoPlist.strings */,
				60DD9E2F136B5AA9004F2564 /* SoaringbookTests-Prefix.pch */,
			);
			name = "Supporting Files";
			sourceTree = "<group>";
		};
		60DD9E3C136B5E96004F2564 /* Classes */ = {
			isa = PBXGroup;
			children = (
				604BC457136B81210003CA08 /* Frameworks */,
				604BC3FC136B75510003CA08 /* Models */,
				604BC405136B77250003CA08 /* Data */,
				60DD9E40136B5F14004F2564 /* Controllers */,
				60DD9E3D136B5E96004F2564 /* SoaringbookAppDelegate.h */,
				60DD9E3E136B5E96004F2564 /* SoaringbookAppDelegate.m */,
			);
			path = Classes;
			sourceTree = "<group>";
		};
		60DD9E40136B5F14004F2564 /* Controllers */ = {
			isa = PBXGroup;
			children = (
				60DD9E41136B5F7A004F2564 /* PeopleController.h */,
				60DD9E42136B5F7A004F2564 /* PeopleController.m */,
				60DD9E43136B5F7A004F2564 /* PeopleController.xib */,
				604BC3F1136B6AAA0003CA08 /* PersonController.h */,
				604BC3F2136B6AAA0003CA08 /* PersonController.m */,
				604BC3F3136B6AAA0003CA08 /* PersonController.xib */,
			);
			name = Controllers;
			sourceTree = "<group>";
		};
/* End PBXGroup section */

/* Begin PBXNativeTarget section */
		60DD9DF8136B5AA9004F2564 /* Soaringbook */ = {
			isa = PBXNativeTarget;
			buildConfigurationList = 60DD9E36136B5AA9004F2564 /* Build configuration list for PBXNativeTarget "Soaringbook" */;
			buildPhases = (
				60DD9DF5136B5AA9004F2564 /* Sources */,
				60DD9DF6136B5AA9004F2564 /* Frameworks */,
				60DD9DF7136B5AA9004F2564 /* Resources */,
			);
			buildRules = (
			);
			dependencies = (
			);
			name = Soaringbook;
			productName = Soaringbook;
			productReference = 60DD9DF9136B5AA9004F2564 /* Soaringbook.app */;
			productType = "com.apple.product-type.application";
		};
		60DD9E22136B5AA9004F2564 /* SoaringbookTests */ = {
			isa = PBXNativeTarget;
			buildConfigurationList = 60DD9E39136B5AA9004F2564 /* Build configuration list for PBXNativeTarget "SoaringbookTests" */;
			buildPhases = (
				60DD9E1E136B5AA9004F2564 /* Sources */,
				60DD9E1F136B5AA9004F2564 /* Frameworks */,
				60DD9E20136B5AA9004F2564 /* Resources */,
				60DD9E21136B5AA9004F2564 /* ShellScript */,
			);
			buildRules = (
			);
			dependencies = (
				60DD9E28136B5AA9004F2564 /* PBXTargetDependency */,
			);
			name = SoaringbookTests;
			productName = SoaringbookTests;
			productReference = 60DD9E23136B5AA9004F2564 /* SoaringbookTests.octest */;
			productType = "com.apple.product-type.bundle";
		};
/* End PBXNativeTarget section */

/* Begin PBXProject section */
		60DD9DF0136B5AA9004F2564 /* Project object */ = {
			isa = PBXProject;
			attributes = {
				ORGANIZATIONNAME = 10to1;
			};
			buildConfigurationList = 60DD9DF3136B5AA9004F2564 /* Build configuration list for PBXProject "Soaringbook" */;
			compatibilityVersion = "Xcode 3.2";
			developmentRegion = English;
			hasScannedForEncodings = 0;
			knownRegions = (
				en,
			);
			mainGroup = 60DD9DEE136B5AA9004F2564;
			productRefGroup = 60DD9DFA136B5AA9004F2564 /* Products */;
			projectDirPath = "";
			projectRoot = "";
			targets = (
				60DD9DF8136B5AA9004F2564 /* Soaringbook */,
				60DD9E22136B5AA9004F2564 /* SoaringbookTests */,
			);
		};
/* End PBXProject section */

/* Begin PBXResourcesBuildPhase section */
		60DD9DF7136B5AA9004F2564 /* Resources */ = {
			isa = PBXResourcesBuildPhase;
			buildActionMask = 2147483647;
			files = (
				60DD9E08136B5AA9004F2564 /* InfoPlist.strings in Resources */,
				60DD9E11136B5AA9004F2564 /* MainWindow.xib in Resources */,
				60DD9E45136B5F7A004F2564 /* PeopleController.xib in Resources */,
				604BC3F5136B6AAA0003CA08 /* PersonController.xib in Resources */,
			);
			runOnlyForDeploymentPostprocessing = 0;
		};
		60DD9E20136B5AA9004F2564 /* Resources */ = {
			isa = PBXResourcesBuildPhase;
			buildActionMask = 2147483647;
			files = (
				60DD9E2E136B5AA9004F2564 /* InfoPlist.strings in Resources */,
				60DD9E31136B5AA9004F2564 /* SoaringbookTests.h in Resources */,
			);
			runOnlyForDeploymentPostprocessing = 0;
		};
/* End PBXResourcesBuildPhase section */

/* Begin PBXShellScriptBuildPhase section */
		60DD9E21136B5AA9004F2564 /* ShellScript */ = {
			isa = PBXShellScriptBuildPhase;
			buildActionMask = 2147483647;
			files = (
			);
			inputPaths = (
			);
			outputPaths = (
			);
			runOnlyForDeploymentPostprocessing = 0;
			shellPath = /bin/sh;
			shellScript = "# Run the unit tests in this test bundle.\n\"${SYSTEM_DEVELOPER_DIR}/Tools/RunUnitTests\"\n";
		};
/* End PBXShellScriptBuildPhase section */

/* Begin PBXSourcesBuildPhase section */
		60DD9DF5136B5AA9004F2564 /* Sources */ = {
			isa = PBXSourcesBuildPhase;
			buildActionMask = 2147483647;
			files = (
				60DD9E0B136B5AA9004F2564 /* main.m in Sources */,
				60DD9E3F136B5E96004F2564 /* SoaringbookAppDelegate.m in Sources */,
				60DD9E44136B5F7A004F2564 /* PeopleController.m in Sources */,
				604BC3F4136B6AAA0003CA08 /* PersonController.m in Sources */,
				604BC3FB136B753B0003CA08 /* Soaringbook.xcdatamodeld in Sources */,
				604BC401136B76950003CA08 /* _Person.m in Sources */,
				604BC402136B76950003CA08 /* Person.m in Sources */,
				604BC408136B77250003CA08 /* DataController.m in Sources */,
				604BC45B136B81210003CA08 /* JAVBinarySearchAdditions.m in Sources */,
			);
			runOnlyForDeploymentPostprocessing = 0;
		};
		60DD9E1E136B5AA9004F2564 /* Sources */ = {
			isa = PBXSourcesBuildPhase;
			buildActionMask = 2147483647;
			files = (
				60DD9E33136B5AA9004F2564 /* SoaringbookTests.m in Sources */,
			);
			runOnlyForDeploymentPostprocessing = 0;
		};
/* End PBXSourcesBuildPhase section */

/* Begin PBXTargetDependency section */
		60DD9E28136B5AA9004F2564 /* PBXTargetDependency */ = {
			isa = PBXTargetDependency;
			target = 60DD9DF8136B5AA9004F2564 /* Soaringbook */;
			targetProxy = 60DD9E27136B5AA9004F2564 /* PBXContainerItemProxy */;
		};
/* End PBXTargetDependency section */

/* Begin PBXVariantGroup section */
		60DD9E06136B5AA9004F2564 /* InfoPlist.strings */ = {
			isa = PBXVariantGroup;
			children = (
				60DD9E07136B5AA9004F2564 /* en */,
			);
			name = InfoPlist.strings;
			sourceTree = "<group>";
		};
		60DD9E0F136B5AA9004F2564 /* MainWindow.xib */ = {
			isa = PBXVariantGroup;
			children = (
				60DD9E10136B5AA9004F2564 /* en */,
			);
			name = MainWindow.xib;
			sourceTree = "<group>";
		};
		60DD9E2C136B5AA9004F2564 /* InfoPlist.strings */ = {
			isa = PBXVariantGroup;
			children = (
				60DD9E2D136B5AA9004F2564 /* en */,
			);
			name = InfoPlist.strings;
			sourceTree = "<group>";
		};
/* End PBXVariantGroup section */

/* Begin XCBuildConfiguration section */
		60DD9E34136B5AA9004F2564 /* Debug */ = {
			isa = XCBuildConfiguration;
			buildSettings = {
				ARCHS = "$(ARCHS_UNIVERSAL_IPHONE_OS)";
				"CODE_SIGN_IDENTITY[sdk=iphoneos*]" = "iPhone Developer";
				GCC_C_LANGUAGE_STANDARD = gnu99;
				GCC_OPTIMIZATION_LEVEL = 0;
				GCC_PREPROCESSOR_DEFINITIONS = DEBUG;
				GCC_SYMBOLS_PRIVATE_EXTERN = NO;
				GCC_VERSION = com.apple.compilers.llvmgcc42;
				GCC_WARN_ABOUT_RETURN_TYPE = YES;
				GCC_WARN_UNUSED_VARIABLE = YES;
				IPHONEOS_DEPLOYMENT_TARGET = 4.3;
				SDKROOT = iphoneos;
				TARGETED_DEVICE_FAMILY = 2;
			};
			name = Debug;
		};
		60DD9E35136B5AA9004F2564 /* Release */ = {
			isa = XCBuildConfiguration;
			buildSettings = {
				ARCHS = "$(ARCHS_UNIVERSAL_IPHONE_OS)";
				"CODE_SIGN_IDENTITY[sdk=iphoneos*]" = "iPhone Developer";
				GCC_C_LANGUAGE_STANDARD = gnu99;
				GCC_VERSION = com.apple.compilers.llvmgcc42;
				GCC_WARN_ABOUT_RETURN_TYPE = YES;
				GCC_WARN_UNUSED_VARIABLE = YES;
				IPHONEOS_DEPLOYMENT_TARGET = 4.3;
				OTHER_CFLAGS = "-DNS_BLOCK_ASSERTIONS=1";
				SDKROOT = iphoneos;
				TARGETED_DEVICE_FAMILY = 2;
			};
			name = Release;
		};
		60DD9E37136B5AA9004F2564 /* Debug */ = {
			isa = XCBuildConfiguration;
			buildSettings = {
				ALWAYS_SEARCH_USER_PATHS = NO;
				COPY_PHASE_STRIP = NO;
				GCC_DYNAMIC_NO_PIC = NO;
				GCC_PRECOMPILE_PREFIX_HEADER = YES;
				GCC_PREFIX_HEADER = "Soaringbook/Soaringbook-Prefix.pch";
				GCC_VERSION = com.apple.compilers.llvm.clang.1_0;
				INFOPLIST_FILE = "Soaringbook/Soaringbook-Info.plist";
				IPHONEOS_DEPLOYMENT_TARGET = 4.3;
				PRODUCT_NAME = "$(TARGET_NAME)";
				WRAPPER_EXTENSION = app;
			};
			name = Debug;
		};
		60DD9E38136B5AA9004F2564 /* Release */ = {
			isa = XCBuildConfiguration;
			buildSettings = {
				ALWAYS_SEARCH_USER_PATHS = NO;
				COPY_PHASE_STRIP = YES;
				GCC_PRECOMPILE_PREFIX_HEADER = YES;
				GCC_PREFIX_HEADER = "Soaringbook/Soaringbook-Prefix.pch";
				GCC_VERSION = com.apple.compilers.llvm.clang.1_0;
				INFOPLIST_FILE = "Soaringbook/Soaringbook-Info.plist";
				IPHONEOS_DEPLOYMENT_TARGET = 4.3;
				PRODUCT_NAME = "$(TARGET_NAME)";
				VALIDATE_PRODUCT = YES;
				WRAPPER_EXTENSION = app;
			};
			name = Release;
		};
		60DD9E3A136B5AA9004F2564 /* Debug */ = {
			isa = XCBuildConfiguration;
			buildSettings = {
				ALWAYS_SEARCH_USER_PATHS = NO;
				ARCHS = "$(ARCHS_STANDARD_32_BIT)";
				BUNDLE_LOADER = "$(BUILT_PRODUCTS_DIR)/Soaringbook.app/Soaringbook";
				FRAMEWORK_SEARCH_PATHS = (
					"$(SDKROOT)/Developer/Library/Frameworks",
					"$(DEVELOPER_LIBRARY_DIR)/Frameworks",
				);
				GCC_PRECOMPILE_PREFIX_HEADER = YES;
				GCC_PREFIX_HEADER = "SoaringbookTests/SoaringbookTests-Prefix.pch";
				INFOPLIST_FILE = "SoaringbookTests/SoaringbookTests-Info.plist";
				OTHER_LDFLAGS = (
					"-framework",
					SenTestingKit,
				);
				PRODUCT_NAME = "$(TARGET_NAME)";
				TEST_HOST = "$(BUNDLE_LOADER)";
				WRAPPER_EXTENSION = octest;
			};
			name = Debug;
		};
		60DD9E3B136B5AA9004F2564 /* Release */ = {
			isa = XCBuildConfiguration;
			buildSettings = {
				ALWAYS_SEARCH_USER_PATHS = NO;
				ARCHS = "$(ARCHS_STANDARD_32_BIT)";
				BUNDLE_LOADER = "$(BUILT_PRODUCTS_DIR)/Soaringbook.app/Soaringbook";
				FRAMEWORK_SEARCH_PATHS = (
					"$(SDKROOT)/Developer/Library/Frameworks",
					"$(DEVELOPER_LIBRARY_DIR)/Frameworks",
				);
				GCC_PRECOMPILE_PREFIX_HEADER = YES;
				GCC_PREFIX_HEADER = "SoaringbookTests/SoaringbookTests-Prefix.pch";
				INFOPLIST_FILE = "SoaringbookTests/SoaringbookTests-Info.plist";
				OTHER_LDFLAGS = (
					"-framework",
					SenTestingKit,
				);
				PRODUCT_NAME = "$(TARGET_NAME)";
				TEST_HOST = "$(BUNDLE_LOADER)";
				WRAPPER_EXTENSION = octest;
			};
			name = Release;
		};
/* End XCBuildConfiguration section */

/* Begin XCConfigurationList section */
		60DD9DF3136B5AA9004F2564 /* Build configuration list for PBXProject "Soaringbook" */ = {
			isa = XCConfigurationList;
			buildConfigurations = (
				60DD9E34136B5AA9004F2564 /* Debug */,
				60DD9E35136B5AA9004F2564 /* Release */,
			);
			defaultConfigurationIsVisible = 0;
			defaultConfigurationName = Release;
		};
		60DD9E36136B5AA9004F2564 /* Build configuration list for PBXNativeTarget "Soaringbook" */ = {
			isa = XCConfigurationList;
			buildConfigurations = (
				60DD9E37136B5AA9004F2564 /* Debug */,
				60DD9E38136B5AA9004F2564 /* Release */,
			);
			defaultConfigurationIsVisible = 0;
			defaultConfigurationName = Release;
		};
		60DD9E39136B5AA9004F2564 /* Build configuration list for PBXNativeTarget "SoaringbookTests" */ = {
			isa = XCConfigurationList;
			buildConfigurations = (
				60DD9E3A136B5AA9004F2564 /* Debug */,
				60DD9E3B136B5AA9004F2564 /* Release */,
			);
			defaultConfigurationIsVisible = 0;
			defaultConfigurationName = Release;
		};
/* End XCConfigurationList section */

/* Begin XCVersionGroup section */
		604BC3F9136B753B0003CA08 /* Soaringbook.xcdatamodeld */ = {
			isa = XCVersionGroup;
			children = (
				604BC3FA136B753B0003CA08 /* Soaringbook.xcdatamodel */,
			);
			currentVersion = 604BC3FA136B753B0003CA08 /* Soaringbook.xcdatamodel */;
			path = Soaringbook.xcdatamodeld;
			sourceTree = "<group>";
			versionGroupType = wrapper.xcdatamodel;
		};
/* End XCVersionGroup section */
	};
	rootObject = 60DD9DF0136B5AA9004F2564 /* Project object */;
}
